
Microsoft Visual Studio Solution File, Format Version 12.00
# Visual Studio Version 17
VisualStudioVersion = 17.12.35707.178
MinimumVisualStudioVersion = 10.0.40219.1
Project("{FAE04EC0-301F-11D3-BF4B-00C04F79EFBC}") = "FF.Articles.Backend.Identity.API", "FF.Articles.Backend.Identity.API\FF.Articles.Backend.Identity.API.csproj", "{84A01137-175E-486F-82ED-F0214795C4D6}"
EndProject
Project("{FAE04EC0-301F-11D3-BF4B-00C04F79EFBC}") = "FF.Articles.Backend.Common", "FF.Articles.Backend.Common\FF.Articles.Backend.Common.csproj", "{DBA1AC93-2B5C-4E19-8000-A92F95AE64BC}"
EndProject
Project("{FAE04EC0-301F-11D3-BF4B-00C04F79EFBC}") = "FF.Articles.Backend.ServiceDefaults", "FF.Articles.Backend.ServiceDefaults\FF.Articles.Backend.ServiceDefaults.csproj", "{F6D5FEE4-55F1-4984-A4E4-ECB16F453460}"
EndProject
Project("{FAE04EC0-301F-11D3-BF4B-00C04F79EFBC}") = "FF.Articles.Backend.Contents.API", "FF.Articles.Backend.Contents.API\FF.Articles.Backend.Contents.API.csproj", "{DFB66C8C-2BD4-4FA4-BC46-4DDC10C9F62E}"
EndProject
Project("{FAE04EC0-301F-11D3-BF4B-00C04F79EFBC}") = "FF.Articles.Backend.AI", "FF.Articles.Backend.AI\FF.Articles.Backend.AI.csproj", "{BC9BEF95-67D0-4624-AA24-5288A44B57D1}"
EndProject
Project("{FAE04EC0-301F-11D3-BF4B-00C04F79EFBC}") = "FF.Articles.Backend.AI.API", "FF.Articles.Backend.AI.API\FF.Articles.Backend.AI.API.csproj", "{D3E37731-E7CC-44CA-A548-3D4CCA48C375}"
EndProject
Project("{FAE04EC0-301F-11D3-BF4B-00C04F79EFBC}") = "FF.Articles.AppHost", "FF.Articles.AppHost\FF.Articles.AppHost.csproj", "{DCA38317-8DF1-4730-BC4B-619AD54E00AE}"
EndProject
Project("{FAE04EC0-301F-11D3-BF4B-00C04F79EFBC}") = "FF.Articles.Backend.Gateway.API", "FF.Articles.Backend.Gateway.API\FF.Articles.Backend.Gateway.API.csproj", "{5EE746EE-4289-44E2-A07C-C40E7A124211}"
EndProject
Project("{FAE04EC0-301F-11D3-BF4B-00C04F79EFBC}") = "FF.AI.Common", "FF.AI.Common\FF.AI.Common.csproj", "{A0F40B1D-6A76-4A41-A68E-455FDFEBB29A}"
EndProject
Global
	GlobalSection(SolutionConfigurationPlatforms) = preSolution
		Debug|Any CPU = Debug|Any CPU
		Release|Any CPU = Release|Any CPU
	EndGlobalSection
	GlobalSection(ProjectConfigurationPlatforms) = postSolution
		{84A01137-175E-486F-82ED-F0214795C4D6}.Debug|Any CPU.ActiveCfg = Debug|Any CPU
		{84A01137-175E-486F-82ED-F0214795C4D6}.Debug|Any CPU.Build.0 = Debug|Any CPU
		{84A01137-175E-486F-82ED-F0214795C4D6}.Release|Any CPU.ActiveCfg = Release|Any CPU
		{84A01137-175E-486F-82ED-F0214795C4D6}.Release|Any CPU.Build.0 = Release|Any CPU
		{DBA1AC93-2B5C-4E19-8000-A92F95AE64BC}.Debug|Any CPU.ActiveCfg = Debug|Any CPU
		{DBA1AC93-2B5C-4E19-8000-A92F95AE64BC}.Debug|Any CPU.Build.0 = Debug|Any CPU
		{DBA1AC93-2B5C-4E19-8000-A92F95AE64BC}.Release|Any CPU.ActiveCfg = Release|Any CPU
		{DBA1AC93-2B5C-4E19-8000-A92F95AE64BC}.Release|Any CPU.Build.0 = Release|Any CPU
		{F6D5FEE4-55F1-4984-A4E4-ECB16F453460}.Debug|Any CPU.ActiveCfg = Debug|Any CPU
		{F6D5FEE4-55F1-4984-A4E4-ECB16F453460}.Debug|Any CPU.Build.0 = Debug|Any CPU
		{F6D5FEE4-55F1-4984-A4E4-ECB16F453460}.Release|Any CPU.ActiveCfg = Release|Any CPU
		{F6D5FEE4-55F1-4984-A4E4-ECB16F453460}.Release|Any CPU.Build.0 = Release|Any CPU
		{DFB66C8C-2BD4-4FA4-BC46-4DDC10C9F62E}.Debug|Any CPU.ActiveCfg = Debug|Any CPU
		{DFB66C8C-2BD4-4FA4-BC46-4DDC10C9F62E}.Debug|Any CPU.Build.0 = Debug|Any CPU
		{DFB66C8C-2BD4-4FA4-BC46-4DDC10C9F62E}.Release|Any CPU.ActiveCfg = Release|Any CPU
		{DFB66C8C-2BD4-4FA4-BC46-4DDC10C9F62E}.Release|Any CPU.Build.0 = Release|Any CPU
		{BC9BEF95-67D0-4624-AA24-5288A44B57D1}.Debug|Any CPU.ActiveCfg = Debug|Any CPU
		{BC9BEF95-67D0-4624-AA24-5288A44B57D1}.Debug|Any CPU.Build.0 = Debug|Any CPU
		{BC9BEF95-67D0-4624-AA24-5288A44B57D1}.Release|Any CPU.ActiveCfg = Release|Any CPU
		{BC9BEF95-67D0-4624-AA24-5288A44B57D1}.Release|Any CPU.Build.0 = Release|Any CPU
		{D3E37731-E7CC-44CA-A548-3D4CCA48C375}.Debug|Any CPU.ActiveCfg = Debug|Any CPU
		{D3E37731-E7CC-44CA-A548-3D4CCA48C375}.Debug|Any CPU.Build.0 = Debug|Any CPU
		{D3E37731-E7CC-44CA-A548-3D4CCA48C375}.Release|Any CPU.ActiveCfg = Release|Any CPU
		{D3E37731-E7CC-44CA-A548-3D4CCA48C375}.Release|Any CPU.Build.0 = Release|Any CPU
		{DCA38317-8DF1-4730-BC4B-619AD54E00AE}.Debug|Any CPU.ActiveCfg = Debug|Any CPU
		{DCA38317-8DF1-4730-BC4B-619AD54E00AE}.Debug|Any CPU.Build.0 = Debug|Any CPU
		{DCA38317-8DF1-4730-BC4B-619AD54E00AE}.Release|Any CPU.ActiveCfg = Release|Any CPU
		{DCA38317-8DF1-4730-BC4B-619AD54E00AE}.Release|Any CPU.Build.0 = Release|Any CPU
		{5EE746EE-4289-44E2-A07C-C40E7A124211}.Debug|Any CPU.ActiveCfg = Debug|Any CPU
		{5EE746EE-4289-44E2-A07C-C40E7A124211}.Debug|Any CPU.Build.0 = Debug|Any CPU
		{5EE746EE-4289-44E2-A07C-C40E7A124211}.Release|Any CPU.ActiveCfg = Release|Any CPU
		{5EE746EE-4289-44E2-A07C-C40E7A124211}.Release|Any CPU.Build.0 = Release|Any CPU
		{A0F40B1D-6A76-4A41-A68E-455FDFEBB29A}.Debug|Any CPU.ActiveCfg = Debug|Any CPU
		{A0F40B1D-6A76-4A41-A68E-455FDFEBB29A}.Debug|Any CPU.Build.0 = Debug|Any CPU
		{A0F40B1D-6A76-4A41-A68E-455FDFEBB29A}.Release|Any CPU.ActiveCfg = Release|Any CPU
		{A0F40B1D-6A76-4A41-A68E-455FDFEBB29A}.Release|Any CPU.Build.0 = Release|Any CPU
	EndGlobalSection
	GlobalSection(SolutionProperties) = preSolution
		HideSolutionNode = FALSE
	EndGlobalSection
EndGlobal
